
Microsoft Visual Studio Solution File, Format Version 12.00
# Visual Studio Version 17
VisualStudioVersion = 17.1.32328.378
MinimumVisualStudioVersion = 10.0.40219.1
Project("{FAE04EC0-301F-11D3-BF4B-00C04F79EFBC}") = "Prueba Desarrollo CNT", "Prueba Desarrollo CNT.csproj", "{CB6ED1B5-763C-421D-B959-DCB9BC53D947}"
EndProject
Global
	GlobalSection(SolutionConfigurationPlatforms) = preSolution
		Debug|Any CPU = Debug|Any CPU
		Release|Any CPU = Release|Any CPU
	EndGlobalSection
	GlobalSection(ProjectConfigurationPlatforms) = postSolution
		{CB6ED1B5-763C-421D-B959-DCB9BC53D947}.Debug|Any CPU.ActiveCfg = Debug|Any CPU
		{CB6ED1B5-763C-421D-B959-DCB9BC53D947}.Debug|Any CPU.Build.0 = Debug|Any CPU
		{CB6ED1B5-763C-421D-B959-DCB9BC53D947}.Release|Any CPU.ActiveCfg = Release|Any CPU
		{CB6ED1B5-763C-421D-B959-DCB9BC53D947}.Release|Any CPU.Build.0 = Release|Any CPU
	EndGlobalSection
	GlobalSection(SolutionProperties) = preSolution
		HideSolutionNode = FALSE
	EndGlobalSection
	GlobalSection(ExtensibilityGlobals) = postSolution
		SolutionGuid = {8F6AEB13-DBE2-4CE7-B015-FF38836EDC9A}
	EndGlobalSection
EndGlobal
